
Microsoft Visual Studio Solution File, Format Version 12.00
# Visual Studio 15
VisualStudioVersion = 15.0.28307.645
MinimumVisualStudioVersion = 10.0.40219.1
Project("{FAE04EC0-301F-11D3-BF4B-00C04F79EFBC}") = "apiContacts", "apiContacts\apiContacts.csproj", "{4F9A5511-5078-4FCC-A951-184C9E8C46D2}"
EndProject
Project("{FAE04EC0-301F-11D3-BF4B-00C04F79EFBC}") = "AppContacs.Android", "AppContacs\AppContacs.Android\AppContacs.Android.csproj", "{FABF3F83-5A44-418D-B9A5-1586D8976570}"
EndProject
Project("{FAE04EC0-301F-11D3-BF4B-00C04F79EFBC}") = "AppContacs.iOS", "AppContacs\AppContacs.iOS\AppContacs.iOS.csproj", "{B272FAF3-95C6-4FE8-9D35-F9802EE1BE54}"
EndProject
Project("{FAE04EC0-301F-11D3-BF4B-00C04F79EFBC}") = "AppContacs", "AppContacs\AppContacs\AppContacs.csproj", "{471B4C26-E362-42FF-B460-B75EA57187DE}"
EndProject
Global
	GlobalSection(SolutionConfigurationPlatforms) = preSolution
		Ad-Hoc|Any CPU = Ad-Hoc|Any CPU
		Ad-Hoc|iPhone = Ad-Hoc|iPhone
		Ad-Hoc|iPhoneSimulator = Ad-Hoc|iPhoneSimulator
		AppStore|Any CPU = AppStore|Any CPU
		AppStore|iPhone = AppStore|iPhone
		AppStore|iPhoneSimulator = AppStore|iPhoneSimulator
		Debug|Any CPU = Debug|Any CPU
		Debug|iPhone = Debug|iPhone
		Debug|iPhoneSimulator = Debug|iPhoneSimulator
		Release|Any CPU = Release|Any CPU
		Release|iPhone = Release|iPhone
		Release|iPhoneSimulator = Release|iPhoneSimulator
	EndGlobalSection
	GlobalSection(ProjectConfigurationPlatforms) = postSolution
		{4F9A5511-5078-4FCC-A951-184C9E8C46D2}.Ad-Hoc|Any CPU.ActiveCfg = Release|Any CPU
		{4F9A5511-5078-4FCC-A951-184C9E8C46D2}.Ad-Hoc|Any CPU.Build.0 = Release|Any CPU
		{4F9A5511-5078-4FCC-A951-184C9E8C46D2}.Ad-Hoc|iPhone.ActiveCfg = Release|Any CPU
		{4F9A5511-5078-4FCC-A951-184C9E8C46D2}.Ad-Hoc|iPhone.Build.0 = Release|Any CPU
		{4F9A5511-5078-4FCC-A951-184C9E8C46D2}.Ad-Hoc|iPhoneSimulator.ActiveCfg = Release|Any CPU
		{4F9A5511-5078-4FCC-A951-184C9E8C46D2}.Ad-Hoc|iPhoneSimulator.Build.0 = Release|Any CPU
		{4F9A5511-5078-4FCC-A951-184C9E8C46D2}.AppStore|Any CPU.ActiveCfg = Release|Any CPU
		{4F9A5511-5078-4FCC-A951-184C9E8C46D2}.AppStore|Any CPU.Build.0 = Release|Any CPU
		{4F9A5511-5078-4FCC-A951-184C9E8C46D2}.AppStore|iPhone.ActiveCfg = Release|Any CPU
		{4F9A5511-5078-4FCC-A951-184C9E8C46D2}.AppStore|iPhone.Build.0 = Release|Any CPU
		{4F9A5511-5078-4FCC-A951-184C9E8C46D2}.AppStore|iPhoneSimulator.ActiveCfg = Release|Any CPU
		{4F9A5511-5078-4FCC-A951-184C9E8C46D2}.AppStore|iPhoneSimulator.Build.0 = Release|Any CPU
		{4F9A5511-5078-4FCC-A951-184C9E8C46D2}.Debug|Any CPU.ActiveCfg = Debug|Any CPU
		{4F9A5511-5078-4FCC-A951-184C9E8C46D2}.Debug|Any CPU.Build.0 = Debug|Any CPU
		{4F9A5511-5078-4FCC-A951-184C9E8C46D2}.Debug|iPhone.ActiveCfg = Debug|Any CPU
		{4F9A5511-5078-4FCC-A951-184C9E8C46D2}.Debug|iPhone.Build.0 = Debug|Any CPU
		{4F9A5511-5078-4FCC-A951-184C9E8C46D2}.Debug|iPhoneSimulator.ActiveCfg = Debug|Any CPU
		{4F9A5511-5078-4FCC-A951-184C9E8C46D2}.Debug|iPhoneSimulator.Build.0 = Debug|Any CPU
		{4F9A5511-5078-4FCC-A951-184C9E8C46D2}.Release|Any CPU.ActiveCfg = Release|Any CPU
		{4F9A5511-5078-4FCC-A951-184C9E8C46D2}.Release|Any CPU.Build.0 = Release|Any CPU
		{4F9A5511-5078-4FCC-A951-184C9E8C46D2}.Release|iPhone.ActiveCfg = Release|Any CPU
		{4F9A5511-5078-4FCC-A951-184C9E8C46D2}.Release|iPhone.Build.0 = Release|Any CPU
		{4F9A5511-5078-4FCC-A951-184C9E8C46D2}.Release|iPhoneSimulator.ActiveCfg = Release|Any CPU
		{4F9A5511-5078-4FCC-A951-184C9E8C46D2}.Release|iPhoneSimulator.Build.0 = Release|Any CPU
		{FABF3F83-5A44-418D-B9A5-1586D8976570}.Ad-Hoc|Any CPU.ActiveCfg = Release|Any CPU
		{FABF3F83-5A44-418D-B9A5-1586D8976570}.Ad-Hoc|Any CPU.Build.0 = Release|Any CPU
		{FABF3F83-5A44-418D-B9A5-1586D8976570}.Ad-Hoc|Any CPU.Deploy.0 = Release|Any CPU
		{FABF3F83-5A44-418D-B9A5-1586D8976570}.Ad-Hoc|iPhone.ActiveCfg = Release|Any CPU
		{FABF3F83-5A44-418D-B9A5-1586D8976570}.Ad-Hoc|iPhone.Build.0 = Release|Any CPU
		{FABF3F83-5A44-418D-B9A5-1586D8976570}.Ad-Hoc|iPhone.Deploy.0 = Release|Any CPU
		{FABF3F83-5A44-418D-B9A5-1586D8976570}.Ad-Hoc|iPhoneSimulator.ActiveCfg = Release|Any CPU
		{FABF3F83-5A44-418D-B9A5-1586D8976570}.Ad-Hoc|iPhoneSimulator.Build.0 = Release|Any CPU
		{FABF3F83-5A44-418D-B9A5-1586D8976570}.Ad-Hoc|iPhoneSimulator.Deploy.0 = Release|Any CPU
		{FABF3F83-5A44-418D-B9A5-1586D8976570}.AppStore|Any CPU.ActiveCfg = Release|Any CPU
		{FABF3F83-5A44-418D-B9A5-1586D8976570}.AppStore|Any CPU.Build.0 = Release|Any CPU
		{FABF3F83-5A44-418D-B9A5-1586D8976570}.AppStore|Any CPU.Deploy.0 = Release|Any CPU
		{FABF3F83-5A44-418D-B9A5-1586D8976570}.AppStore|iPhone.ActiveCfg = Release|Any CPU
		{FABF3F83-5A44-418D-B9A5-1586D8976570}.AppStore|iPhone.Build.0 = Release|Any CPU
		{FABF3F83-5A44-418D-B9A5-1586D8976570}.AppStore|iPhone.Deploy.0 = Release|Any CPU
		{FABF3F83-5A44-418D-B9A5-1586D8976570}.AppStore|iPhoneSimulator.ActiveCfg = Release|Any CPU
		{FABF3F83-5A44-418D-B9A5-1586D8976570}.AppStore|iPhoneSimulator.Build.0 = Release|Any CPU
		{FABF3F83-5A44-418D-B9A5-1586D8976570}.AppStore|iPhoneSimulator.Deploy.0 = Release|Any CPU
		{FABF3F83-5A44-418D-B9A5-1586D8976570}.Debug|Any CPU.ActiveCfg = Debug|Any CPU
		{FABF3F83-5A44-418D-B9A5-1586D8976570}.Debug|Any CPU.Build.0 = Debug|Any CPU
		{FABF3F83-5A44-418D-B9A5-1586D8976570}.Debug|Any CPU.Deploy.0 = Debug|Any CPU
		{FABF3F83-5A44-418D-B9A5-1586D8976570}.Debug|iPhone.ActiveCfg = Debug|Any CPU
		{FABF3F83-5A44-418D-B9A5-1586D8976570}.Debug|iPhone.Build.0 = Debug|Any CPU
		{FABF3F83-5A44-418D-B9A5-1586D8976570}.Debug|iPhone.Deploy.0 = Debug|Any CPU
		{FABF3F83-5A44-418D-B9A5-1586D8976570}.Debug|iPhoneSimulator.ActiveCfg = Debug|Any CPU
		{FABF3F83-5A44-418D-B9A5-1586D8976570}.Debug|iPhoneSimulator.Build.0 = Debug|Any CPU
		{FABF3F83-5A44-418D-B9A5-1586D8976570}.Debug|iPhoneSimulator.Deploy.0 = Debug|Any CPU
		{FABF3F83-5A44-418D-B9A5-1586D8976570}.Release|Any CPU.ActiveCfg = Release|Any CPU
		{FABF3F83-5A44-418D-B9A5-1586D8976570}.Release|Any CPU.Build.0 = Release|Any CPU
		{FABF3F83-5A44-418D-B9A5-1586D8976570}.Release|Any CPU.Deploy.0 = Release|Any CPU
		{FABF3F83-5A44-418D-B9A5-1586D8976570}.Release|iPhone.ActiveCfg = Release|Any CPU
		{FABF3F83-5A44-418D-B9A5-1586D8976570}.Release|iPhone.Build.0 = Release|Any CPU
		{FABF3F83-5A44-418D-B9A5-1586D8976570}.Release|iPhone.Deploy.0 = Release|Any CPU
		{FABF3F83-5A44-418D-B9A5-1586D8976570}.Release|iPhoneSimulator.ActiveCfg = Release|Any CPU
		{FABF3F83-5A44-418D-B9A5-1586D8976570}.Release|iPhoneSimulator.Build.0 = Release|Any CPU
		{FABF3F83-5A44-418D-B9A5-1586D8976570}.Release|iPhoneSimulator.Deploy.0 = Release|Any CPU
		{B272FAF3-95C6-4FE8-9D35-F9802EE1BE54}.Ad-Hoc|Any CPU.ActiveCfg = Ad-Hoc|iPhone
		{B272FAF3-95C6-4FE8-9D35-F9802EE1BE54}.Ad-Hoc|iPhone.ActiveCfg = Ad-Hoc|iPhone
		{B272FAF3-95C6-4FE8-9D35-F9802EE1BE54}.Ad-Hoc|iPhone.Build.0 = Ad-Hoc|iPhone
		{B272FAF3-95C6-4FE8-9D35-F9802EE1BE54}.Ad-Hoc|iPhoneSimulator.ActiveCfg = Ad-Hoc|iPhoneSimulator
		{B272FAF3-95C6-4FE8-9D35-F9802EE1BE54}.Ad-Hoc|iPhoneSimulator.Build.0 = Ad-Hoc|iPhoneSimulator
		{B272FAF3-95C6-4FE8-9D35-F9802EE1BE54}.AppStore|Any CPU.ActiveCfg = AppStore|iPhone
		{B272FAF3-95C6-4FE8-9D35-F9802EE1BE54}.AppStore|iPhone.ActiveCfg = AppStore|iPhone
		{B272FAF3-95C6-4FE8-9D35-F9802EE1BE54}.AppStore|iPhone.Build.0 = AppStore|iPhone
		{B272FAF3-95C6-4FE8-9D35-F9802EE1BE54}.AppStore|iPhoneSimulator.ActiveCfg = AppStore|iPhoneSimulator
		{B272FAF3-95C6-4FE8-9D35-F9802EE1BE54}.AppStore|iPhoneSimulator.Build.0 = AppStore|iPhoneSimulator
		{B272FAF3-95C6-4FE8-9D35-F9802EE1BE54}.Debug|Any CPU.ActiveCfg = Debug|iPhone
		{B272FAF3-95C6-4FE8-9D35-F9802EE1BE54}.Debug|iPhone.ActiveCfg = Debug|iPhone
		{B272FAF3-95C6-4FE8-9D35-F9802EE1BE54}.Debug|iPhone.Build.0 = Debug|iPhone
		{B272FAF3-95C6-4FE8-9D35-F9802EE1BE54}.Debug|iPhoneSimulator.ActiveCfg = Debug|iPhoneSimulator
		{B272FAF3-95C6-4FE8-9D35-F9802EE1BE54}.Debug|iPhoneSimulator.Build.0 = Debug|iPhoneSimulator
		{B272FAF3-95C6-4FE8-9D35-F9802EE1BE54}.Release|Any CPU.ActiveCfg = Release|iPhone
		{B272FAF3-95C6-4FE8-9D35-F9802EE1BE54}.Release|iPhone.ActiveCfg = Release|iPhone
		{B272FAF3-95C6-4FE8-9D35-F9802EE1BE54}.Release|iPhone.Build.0 = Release|iPhone
		{B272FAF3-95C6-4FE8-9D35-F9802EE1BE54}.Release|iPhoneSimulator.ActiveCfg = Release|iPhoneSimulator
		{B272FAF3-95C6-4FE8-9D35-F9802EE1BE54}.Release|iPhoneSimulator.Build.0 = Release|iPhoneSimulator
		{471B4C26-E362-42FF-B460-B75EA57187DE}.Ad-Hoc|Any CPU.ActiveCfg = Debug|Any CPU
		{471B4C26-E362-42FF-B460-B75EA57187DE}.Ad-Hoc|Any CPU.Build.0 = Debug|Any CPU
		{471B4C26-E362-42FF-B460-B75EA57187DE}.Ad-Hoc|iPhone.ActiveCfg = Debug|Any CPU
		{471B4C26-E362-42FF-B460-B75EA57187DE}.Ad-Hoc|iPhone.Build.0 = Debug|Any CPU
		{471B4C26-E362-42FF-B460-B75EA57187DE}.Ad-Hoc|iPhoneSimulator.ActiveCfg = Debug|Any CPU
		{471B4C26-E362-42FF-B460-B75EA57187DE}.Ad-Hoc|iPhoneSimulator.Build.0 = Debug|Any CPU
		{471B4C26-E362-42FF-B460-B75EA57187DE}.AppStore|Any CPU.ActiveCfg = Debug|Any CPU
		{471B4C26-E362-42FF-B460-B75EA57187DE}.AppStore|Any CPU.Build.0 = Debug|Any CPU
		{471B4C26-E362-42FF-B460-B75EA57187DE}.AppStore|iPhone.ActiveCfg = Debug|Any CPU
		{471B4C26-E362-42FF-B460-B75EA57187DE}.AppStore|iPhone.Build.0 = Debug|Any CPU
		{471B4C26-E362-42FF-B460-B75EA57187DE}.AppStore|iPhoneSimulator.ActiveCfg = Debug|Any CPU
		{471B4C26-E362-42FF-B460-B75EA57187DE}.AppStore|iPhoneSimulator.Build.0 = Debug|Any CPU
		{471B4C26-E362-42FF-B460-B75EA57187DE}.Debug|Any CPU.ActiveCfg = Debug|Any CPU
		{471B4C26-E362-42FF-B460-B75EA57187DE}.Debug|Any CPU.Build.0 = Debug|Any CPU
		{471B4C26-E362-42FF-B460-B75EA57187DE}.Debug|iPhone.ActiveCfg = Debug|Any CPU
		{471B4C26-E362-42FF-B460-B75EA57187DE}.Debug|iPhone.Build.0 = Debug|Any CPU
		{471B4C26-E362-42FF-B460-B75EA57187DE}.Debug|iPhoneSimulator.ActiveCfg = Debug|Any CPU
		{471B4C26-E362-42FF-B460-B75EA57187DE}.Debug|iPhoneSimulator.Build.0 = Debug|Any CPU
		{471B4C26-E362-42FF-B460-B75EA57187DE}.Release|Any CPU.ActiveCfg = Release|Any CPU
		{471B4C26-E362-42FF-B460-B75EA57187DE}.Release|Any CPU.Build.0 = Release|Any CPU
		{471B4C26-E362-42FF-B460-B75EA57187DE}.Release|iPhone.ActiveCfg = Release|Any CPU
		{471B4C26-E362-42FF-B460-B75EA57187DE}.Release|iPhone.Build.0 = Release|Any CPU
		{471B4C26-E362-42FF-B460-B75EA57187DE}.Release|iPhoneSimulator.ActiveCfg = Release|Any CPU
		{471B4C26-E362-42FF-B460-B75EA57187DE}.Release|iPhoneSimulator.Build.0 = Release|Any CPU
	EndGlobalSection
	GlobalSection(SolutionProperties) = preSolution
		HideSolutionNode = FALSE
	EndGlobalSection
	GlobalSection(ExtensibilityGlobals) = postSolution
		SolutionGuid = {683AAAEF-3EF0-4D27-B5C0-EB7119F14B46}
	EndGlobalSection
EndGlobal
